
Microsoft Visual Studio Solution File, Format Version 12.00
# Visual Studio Version 17
VisualStudioVersion = 17.5.33516.290
MinimumVisualStudioVersion = 10.0.40219.1
Project("{9A19103F-16F7-4668-BE54-9A1E7A4F7556}") = "FrontendFinalP.Server", "FrontendFinalP\Server\FrontendFinalP.Server.csproj", "{FA0257F6-8E59-446C-BBDC-3692CFC2F9B9}"
EndProject
Project("{9A19103F-16F7-4668-BE54-9A1E7A4F7556}") = "FrontendFinalP.Client", "FrontendFinalP\Client\FrontendFinalP.Client.csproj", "{96C60D2E-38A2-4373-9FCA-241257E078D2}"
EndProject
Project("{9A19103F-16F7-4668-BE54-9A1E7A4F7556}") = "FrontendFinalP.Shared", "FrontendFinalP\Shared\FrontendFinalP.Shared.csproj", "{EDE828DE-16EA-4CD4-ADB0-C2EA7E54DED6}"
EndProject
Global
	GlobalSection(SolutionConfigurationPlatforms) = preSolution
		Debug|Any CPU = Debug|Any CPU
		Release|Any CPU = Release|Any CPU
	EndGlobalSection
	GlobalSection(ProjectConfigurationPlatforms) = postSolution
		{FA0257F6-8E59-446C-BBDC-3692CFC2F9B9}.Debug|Any CPU.ActiveCfg = Debug|Any CPU
		{FA0257F6-8E59-446C-BBDC-3692CFC2F9B9}.Debug|Any CPU.Build.0 = Debug|Any CPU
		{FA0257F6-8E59-446C-BBDC-3692CFC2F9B9}.Release|Any CPU.ActiveCfg = Release|Any CPU
		{FA0257F6-8E59-446C-BBDC-3692CFC2F9B9}.Release|Any CPU.Build.0 = Release|Any CPU
		{96C60D2E-38A2-4373-9FCA-241257E078D2}.Debug|Any CPU.ActiveCfg = Debug|Any CPU
		{96C60D2E-38A2-4373-9FCA-241257E078D2}.Debug|Any CPU.Build.0 = Debug|Any CPU
		{96C60D2E-38A2-4373-9FCA-241257E078D2}.Release|Any CPU.ActiveCfg = Release|Any CPU
		{96C60D2E-38A2-4373-9FCA-241257E078D2}.Release|Any CPU.Build.0 = Release|Any CPU
		{EDE828DE-16EA-4CD4-ADB0-C2EA7E54DED6}.Debug|Any CPU.ActiveCfg = Debug|Any CPU
		{EDE828DE-16EA-4CD4-ADB0-C2EA7E54DED6}.Debug|Any CPU.Build.0 = Debug|Any CPU
		{EDE828DE-16EA-4CD4-ADB0-C2EA7E54DED6}.Release|Any CPU.ActiveCfg = Release|Any CPU
		{EDE828DE-16EA-4CD4-ADB0-C2EA7E54DED6}.Release|Any CPU.Build.0 = Release|Any CPU
	EndGlobalSection
	GlobalSection(SolutionProperties) = preSolution
		HideSolutionNode = FALSE
	EndGlobalSection
	GlobalSection(ExtensibilityGlobals) = postSolution
		SolutionGuid = {FA3AD9DB-9535-4B70-83C4-31C4184BC437}
	EndGlobalSection
EndGlobal
